
Microsoft Visual Studio Solution File, Format Version 12.00
# Visual Studio 15
VisualStudioVersion = 15.0.28307.106
MinimumVisualStudioVersion = 10.0.40219.1
Project("{FAE04EC0-301F-11D3-BF4B-00C04F79EFBC}") = "Quotes.Android", "Quotes\Quotes.Android\Quotes.Android.csproj", "{CF378B6A-51A8-46CE-845E-CC483BB39DAF}"
EndProject
Project("{FAE04EC0-301F-11D3-BF4B-00C04F79EFBC}") = "Quotes.iOS", "Quotes\Quotes.iOS\Quotes.iOS.csproj", "{E6AC6B66-FCD8-4837-817D-0474D6603B86}"
EndProject
Project("{FAE04EC0-301F-11D3-BF4B-00C04F79EFBC}") = "Quotes.UWP", "Quotes\Quotes.UWP\Quotes.UWP.csproj", "{AAC98871-32AA-4DE6-8D1A-6361C4119A20}"
EndProject
Project("{FAE04EC0-301F-11D3-BF4B-00C04F79EFBC}") = "Quotes", "Quotes\Quotes\Quotes.csproj", "{B20EC3ED-F9C4-4250-8282-B28697AFDB4D}"
EndProject
Global
	GlobalSection(SolutionConfigurationPlatforms) = preSolution
		Ad-Hoc|Any CPU = Ad-Hoc|Any CPU
		Ad-Hoc|ARM = Ad-Hoc|ARM
		Ad-Hoc|iPhone = Ad-Hoc|iPhone
		Ad-Hoc|iPhoneSimulator = Ad-Hoc|iPhoneSimulator
		Ad-Hoc|x64 = Ad-Hoc|x64
		Ad-Hoc|x86 = Ad-Hoc|x86
		AppStore|Any CPU = AppStore|Any CPU
		AppStore|ARM = AppStore|ARM
		AppStore|iPhone = AppStore|iPhone
		AppStore|iPhoneSimulator = AppStore|iPhoneSimulator
		AppStore|x64 = AppStore|x64
		AppStore|x86 = AppStore|x86
		Debug|Any CPU = Debug|Any CPU
		Debug|ARM = Debug|ARM
		Debug|iPhone = Debug|iPhone
		Debug|iPhoneSimulator = Debug|iPhoneSimulator
		Debug|x64 = Debug|x64
		Debug|x86 = Debug|x86
		Release|Any CPU = Release|Any CPU
		Release|ARM = Release|ARM
		Release|iPhone = Release|iPhone
		Release|iPhoneSimulator = Release|iPhoneSimulator
		Release|x64 = Release|x64
		Release|x86 = Release|x86
	EndGlobalSection
	GlobalSection(ProjectConfigurationPlatforms) = postSolution
		{CF378B6A-51A8-46CE-845E-CC483BB39DAF}.Ad-Hoc|Any CPU.ActiveCfg = Release|Any CPU
		{CF378B6A-51A8-46CE-845E-CC483BB39DAF}.Ad-Hoc|Any CPU.Build.0 = Release|Any CPU
		{CF378B6A-51A8-46CE-845E-CC483BB39DAF}.Ad-Hoc|Any CPU.Deploy.0 = Release|Any CPU
		{CF378B6A-51A8-46CE-845E-CC483BB39DAF}.Ad-Hoc|ARM.ActiveCfg = Release|Any CPU
		{CF378B6A-51A8-46CE-845E-CC483BB39DAF}.Ad-Hoc|ARM.Build.0 = Release|Any CPU
		{CF378B6A-51A8-46CE-845E-CC483BB39DAF}.Ad-Hoc|ARM.Deploy.0 = Release|Any CPU
		{CF378B6A-51A8-46CE-845E-CC483BB39DAF}.Ad-Hoc|iPhone.ActiveCfg = Release|Any CPU
		{CF378B6A-51A8-46CE-845E-CC483BB39DAF}.Ad-Hoc|iPhone.Build.0 = Release|Any CPU
		{CF378B6A-51A8-46CE-845E-CC483BB39DAF}.Ad-Hoc|iPhone.Deploy.0 = Release|Any CPU
		{CF378B6A-51A8-46CE-845E-CC483BB39DAF}.Ad-Hoc|iPhoneSimulator.ActiveCfg = Release|Any CPU
		{CF378B6A-51A8-46CE-845E-CC483BB39DAF}.Ad-Hoc|iPhoneSimulator.Build.0 = Release|Any CPU
		{CF378B6A-51A8-46CE-845E-CC483BB39DAF}.Ad-Hoc|iPhoneSimulator.Deploy.0 = Release|Any CPU
		{CF378B6A-51A8-46CE-845E-CC483BB39DAF}.Ad-Hoc|x64.ActiveCfg = Release|Any CPU
		{CF378B6A-51A8-46CE-845E-CC483BB39DAF}.Ad-Hoc|x64.Build.0 = Release|Any CPU
		{CF378B6A-51A8-46CE-845E-CC483BB39DAF}.Ad-Hoc|x64.Deploy.0 = Release|Any CPU
		{CF378B6A-51A8-46CE-845E-CC483BB39DAF}.Ad-Hoc|x86.ActiveCfg = Release|Any CPU
		{CF378B6A-51A8-46CE-845E-CC483BB39DAF}.Ad-Hoc|x86.Build.0 = Release|Any CPU
		{CF378B6A-51A8-46CE-845E-CC483BB39DAF}.Ad-Hoc|x86.Deploy.0 = Release|Any CPU
		{CF378B6A-51A8-46CE-845E-CC483BB39DAF}.AppStore|Any CPU.ActiveCfg = Release|Any CPU
		{CF378B6A-51A8-46CE-845E-CC483BB39DAF}.AppStore|Any CPU.Build.0 = Release|Any CPU
		{CF378B6A-51A8-46CE-845E-CC483BB39DAF}.AppStore|Any CPU.Deploy.0 = Release|Any CPU
		{CF378B6A-51A8-46CE-845E-CC483BB39DAF}.AppStore|ARM.ActiveCfg = Release|Any CPU
		{CF378B6A-51A8-46CE-845E-CC483BB39DAF}.AppStore|ARM.Build.0 = Release|Any CPU
		{CF378B6A-51A8-46CE-845E-CC483BB39DAF}.AppStore|ARM.Deploy.0 = Release|Any CPU
		{CF378B6A-51A8-46CE-845E-CC483BB39DAF}.AppStore|iPhone.ActiveCfg = Release|Any CPU
		{CF378B6A-51A8-46CE-845E-CC483BB39DAF}.AppStore|iPhone.Build.0 = Release|Any CPU
		{CF378B6A-51A8-46CE-845E-CC483BB39DAF}.AppStore|iPhone.Deploy.0 = Release|Any CPU
		{CF378B6A-51A8-46CE-845E-CC483BB39DAF}.AppStore|iPhoneSimulator.ActiveCfg = Release|Any CPU
		{CF378B6A-51A8-46CE-845E-CC483BB39DAF}.AppStore|iPhoneSimulator.Build.0 = Release|Any CPU
		{CF378B6A-51A8-46CE-845E-CC483BB39DAF}.AppStore|iPhoneSimulator.Deploy.0 = Release|Any CPU
		{CF378B6A-51A8-46CE-845E-CC483BB39DAF}.AppStore|x64.ActiveCfg = Release|Any CPU
		{CF378B6A-51A8-46CE-845E-CC483BB39DAF}.AppStore|x64.Build.0 = Release|Any CPU
		{CF378B6A-51A8-46CE-845E-CC483BB39DAF}.AppStore|x64.Deploy.0 = Release|Any CPU
		{CF378B6A-51A8-46CE-845E-CC483BB39DAF}.AppStore|x86.ActiveCfg = Release|Any CPU
		{CF378B6A-51A8-46CE-845E-CC483BB39DAF}.AppStore|x86.Build.0 = Release|Any CPU
		{CF378B6A-51A8-46CE-845E-CC483BB39DAF}.AppStore|x86.Deploy.0 = Release|Any CPU
		{CF378B6A-51A8-46CE-845E-CC483BB39DAF}.Debug|Any CPU.ActiveCfg = Debug|Any CPU
		{CF378B6A-51A8-46CE-845E-CC483BB39DAF}.Debug|Any CPU.Build.0 = Debug|Any CPU
		{CF378B6A-51A8-46CE-845E-CC483BB39DAF}.Debug|Any CPU.Deploy.0 = Debug|Any CPU
		{CF378B6A-51A8-46CE-845E-CC483BB39DAF}.Debug|ARM.ActiveCfg = Debug|Any CPU
		{CF378B6A-51A8-46CE-845E-CC483BB39DAF}.Debug|ARM.Build.0 = Debug|Any CPU
		{CF378B6A-51A8-46CE-845E-CC483BB39DAF}.Debug|ARM.Deploy.0 = Debug|Any CPU
		{CF378B6A-51A8-46CE-845E-CC483BB39DAF}.Debug|iPhone.ActiveCfg = Debug|Any CPU
		{CF378B6A-51A8-46CE-845E-CC483BB39DAF}.Debug|iPhone.Build.0 = Debug|Any CPU
		{CF378B6A-51A8-46CE-845E-CC483BB39DAF}.Debug|iPhone.Deploy.0 = Debug|Any CPU
		{CF378B6A-51A8-46CE-845E-CC483BB39DAF}.Debug|iPhoneSimulator.ActiveCfg = Debug|Any CPU
		{CF378B6A-51A8-46CE-845E-CC483BB39DAF}.Debug|iPhoneSimulator.Build.0 = Debug|Any CPU
		{CF378B6A-51A8-46CE-845E-CC483BB39DAF}.Debug|iPhoneSimulator.Deploy.0 = Debug|Any CPU
		{CF378B6A-51A8-46CE-845E-CC483BB39DAF}.Debug|x64.ActiveCfg = Debug|Any CPU
		{CF378B6A-51A8-46CE-845E-CC483BB39DAF}.Debug|x64.Build.0 = Debug|Any CPU
		{CF378B6A-51A8-46CE-845E-CC483BB39DAF}.Debug|x64.Deploy.0 = Debug|Any CPU
		{CF378B6A-51A8-46CE-845E-CC483BB39DAF}.Debug|x86.ActiveCfg = Debug|Any CPU
		{CF378B6A-51A8-46CE-845E-CC483BB39DAF}.Debug|x86.Build.0 = Debug|Any CPU
		{CF378B6A-51A8-46CE-845E-CC483BB39DAF}.Debug|x86.Deploy.0 = Debug|Any CPU
		{CF378B6A-51A8-46CE-845E-CC483BB39DAF}.Release|Any CPU.ActiveCfg = Release|Any CPU
		{CF378B6A-51A8-46CE-845E-CC483BB39DAF}.Release|Any CPU.Build.0 = Release|Any CPU
		{CF378B6A-51A8-46CE-845E-CC483BB39DAF}.Release|Any CPU.Deploy.0 = Release|Any CPU
		{CF378B6A-51A8-46CE-845E-CC483BB39DAF}.Release|ARM.ActiveCfg = Release|Any CPU
		{CF378B6A-51A8-46CE-845E-CC483BB39DAF}.Release|ARM.Build.0 = Release|Any CPU
		{CF378B6A-51A8-46CE-845E-CC483BB39DAF}.Release|ARM.Deploy.0 = Release|Any CPU
		{CF378B6A-51A8-46CE-845E-CC483BB39DAF}.Release|iPhone.ActiveCfg = Release|Any CPU
		{CF378B6A-51A8-46CE-845E-CC483BB39DAF}.Release|iPhone.Build.0 = Release|Any CPU
		{CF378B6A-51A8-46CE-845E-CC483BB39DAF}.Release|iPhone.Deploy.0 = Release|Any CPU
		{CF378B6A-51A8-46CE-845E-CC483BB39DAF}.Release|iPhoneSimulator.ActiveCfg = Release|Any CPU
		{CF378B6A-51A8-46CE-845E-CC483BB39DAF}.Release|iPhoneSimulator.Build.0 = Release|Any CPU
		{CF378B6A-51A8-46CE-845E-CC483BB39DAF}.Release|iPhoneSimulator.Deploy.0 = Release|Any CPU
		{CF378B6A-51A8-46CE-845E-CC483BB39DAF}.Release|x64.ActiveCfg = Release|Any CPU
		{CF378B6A-51A8-46CE-845E-CC483BB39DAF}.Release|x64.Build.0 = Release|Any CPU
		{CF378B6A-51A8-46CE-845E-CC483BB39DAF}.Release|x64.Deploy.0 = Release|Any CPU
		{CF378B6A-51A8-46CE-845E-CC483BB39DAF}.Release|x86.ActiveCfg = Release|Any CPU
		{CF378B6A-51A8-46CE-845E-CC483BB39DAF}.Release|x86.Build.0 = Release|Any CPU
		{CF378B6A-51A8-46CE-845E-CC483BB39DAF}.Release|x86.Deploy.0 = Release|Any CPU
		{E6AC6B66-FCD8-4837-817D-0474D6603B86}.Ad-Hoc|Any CPU.ActiveCfg = Ad-Hoc|iPhone
		{E6AC6B66-FCD8-4837-817D-0474D6603B86}.Ad-Hoc|Any CPU.Build.0 = Ad-Hoc|iPhone
		{E6AC6B66-FCD8-4837-817D-0474D6603B86}.Ad-Hoc|Any CPU.Deploy.0 = Ad-Hoc|iPhone
		{E6AC6B66-FCD8-4837-817D-0474D6603B86}.Ad-Hoc|ARM.ActiveCfg = Ad-Hoc|iPhone
		{E6AC6B66-FCD8-4837-817D-0474D6603B86}.Ad-Hoc|ARM.Build.0 = Ad-Hoc|iPhone
		{E6AC6B66-FCD8-4837-817D-0474D6603B86}.Ad-Hoc|ARM.Deploy.0 = Ad-Hoc|iPhone
		{E6AC6B66-FCD8-4837-817D-0474D6603B86}.Ad-Hoc|iPhone.ActiveCfg = Ad-Hoc|iPhone
		{E6AC6B66-FCD8-4837-817D-0474D6603B86}.Ad-Hoc|iPhone.Build.0 = Ad-Hoc|iPhone
		{E6AC6B66-FCD8-4837-817D-0474D6603B86}.Ad-Hoc|iPhone.Deploy.0 = Ad-Hoc|iPhone
		{E6AC6B66-FCD8-4837-817D-0474D6603B86}.Ad-Hoc|iPhoneSimulator.ActiveCfg = Ad-Hoc|iPhoneSimulator
		{E6AC6B66-FCD8-4837-817D-0474D6603B86}.Ad-Hoc|iPhoneSimulator.Build.0 = Ad-Hoc|iPhoneSimulator
		{E6AC6B66-FCD8-4837-817D-0474D6603B86}.Ad-Hoc|iPhoneSimulator.Deploy.0 = Ad-Hoc|iPhoneSimulator
		{E6AC6B66-FCD8-4837-817D-0474D6603B86}.Ad-Hoc|x64.ActiveCfg = Ad-Hoc|iPhone
		{E6AC6B66-FCD8-4837-817D-0474D6603B86}.Ad-Hoc|x64.Build.0 = Ad-Hoc|iPhone
		{E6AC6B66-FCD8-4837-817D-0474D6603B86}.Ad-Hoc|x64.Deploy.0 = Ad-Hoc|iPhone
		{E6AC6B66-FCD8-4837-817D-0474D6603B86}.Ad-Hoc|x86.ActiveCfg = Ad-Hoc|iPhone
		{E6AC6B66-FCD8-4837-817D-0474D6603B86}.Ad-Hoc|x86.Build.0 = Ad-Hoc|iPhone
		{E6AC6B66-FCD8-4837-817D-0474D6603B86}.Ad-Hoc|x86.Deploy.0 = Ad-Hoc|iPhone
		{E6AC6B66-FCD8-4837-817D-0474D6603B86}.AppStore|Any CPU.ActiveCfg = AppStore|iPhone
		{E6AC6B66-FCD8-4837-817D-0474D6603B86}.AppStore|Any CPU.Build.0 = AppStore|iPhone
		{E6AC6B66-FCD8-4837-817D-0474D6603B86}.AppStore|Any CPU.Deploy.0 = AppStore|iPhone
		{E6AC6B66-FCD8-4837-817D-0474D6603B86}.AppStore|ARM.ActiveCfg = AppStore|iPhone
		{E6AC6B66-FCD8-4837-817D-0474D6603B86}.AppStore|ARM.Build.0 = AppStore|iPhone
		{E6AC6B66-FCD8-4837-817D-0474D6603B86}.AppStore|ARM.Deploy.0 = AppStore|iPhone
		{E6AC6B66-FCD8-4837-817D-0474D6603B86}.AppStore|iPhone.ActiveCfg = AppStore|iPhone
		{E6AC6B66-FCD8-4837-817D-0474D6603B86}.AppStore|iPhone.Build.0 = AppStore|iPhone
		{E6AC6B66-FCD8-4837-817D-0474D6603B86}.AppStore|iPhone.Deploy.0 = AppStore|iPhone
		{E6AC6B66-FCD8-4837-817D-0474D6603B86}.AppStore|iPhoneSimulator.ActiveCfg = AppStore|iPhoneSimulator
		{E6AC6B66-FCD8-4837-817D-0474D6603B86}.AppStore|iPhoneSimulator.Build.0 = AppStore|iPhoneSimulator
		{E6AC6B66-FCD8-4837-817D-0474D6603B86}.AppStore|iPhoneSimulator.Deploy.0 = AppStore|iPhoneSimulator
		{E6AC6B66-FCD8-4837-817D-0474D6603B86}.AppStore|x64.ActiveCfg = AppStore|iPhone
		{E6AC6B66-FCD8-4837-817D-0474D6603B86}.AppStore|x64.Build.0 = AppStore|iPhone
		{E6AC6B66-FCD8-4837-817D-0474D6603B86}.AppStore|x64.Deploy.0 = AppStore|iPhone
		{E6AC6B66-FCD8-4837-817D-0474D6603B86}.AppStore|x86.ActiveCfg = AppStore|iPhone
		{E6AC6B66-FCD8-4837-817D-0474D6603B86}.AppStore|x86.Build.0 = AppStore|iPhone
		{E6AC6B66-FCD8-4837-817D-0474D6603B86}.AppStore|x86.Deploy.0 = AppStore|iPhone
		{E6AC6B66-FCD8-4837-817D-0474D6603B86}.Debug|Any CPU.ActiveCfg = Debug|iPhoneSimulator
		{E6AC6B66-FCD8-4837-817D-0474D6603B86}.Debug|Any CPU.Build.0 = Debug|iPhoneSimulator
		{E6AC6B66-FCD8-4837-817D-0474D6603B86}.Debug|Any CPU.Deploy.0 = Debug|iPhoneSimulator
		{E6AC6B66-FCD8-4837-817D-0474D6603B86}.Debug|ARM.ActiveCfg = Debug|iPhone
		{E6AC6B66-FCD8-4837-817D-0474D6603B86}.Debug|ARM.Build.0 = Debug|iPhone
		{E6AC6B66-FCD8-4837-817D-0474D6603B86}.Debug|ARM.Deploy.0 = Debug|iPhone
		{E6AC6B66-FCD8-4837-817D-0474D6603B86}.Debug|iPhone.ActiveCfg = Debug|iPhone
		{E6AC6B66-FCD8-4837-817D-0474D6603B86}.Debug|iPhone.Build.0 = Debug|iPhone
		{E6AC6B66-FCD8-4837-817D-0474D6603B86}.Debug|iPhone.Deploy.0 = Debug|iPhone
		{E6AC6B66-FCD8-4837-817D-0474D6603B86}.Debug|iPhoneSimulator.ActiveCfg = Debug|iPhoneSimulator
		{E6AC6B66-FCD8-4837-817D-0474D6603B86}.Debug|iPhoneSimulator.Build.0 = Debug|iPhoneSimulator
		{E6AC6B66-FCD8-4837-817D-0474D6603B86}.Debug|iPhoneSimulator.Deploy.0 = Debug|iPhoneSimulator
		{E6AC6B66-FCD8-4837-817D-0474D6603B86}.Debug|x64.ActiveCfg = Debug|iPhone
		{E6AC6B66-FCD8-4837-817D-0474D6603B86}.Debug|x64.Build.0 = Debug|iPhone
		{E6AC6B66-FCD8-4837-817D-0474D6603B86}.Debug|x64.Deploy.0 = Debug|iPhone
		{E6AC6B66-FCD8-4837-817D-0474D6603B86}.Debug|x86.ActiveCfg = Debug|iPhone
		{E6AC6B66-FCD8-4837-817D-0474D6603B86}.Debug|x86.Build.0 = Debug|iPhone
		{E6AC6B66-FCD8-4837-817D-0474D6603B86}.Debug|x86.Deploy.0 = Debug|iPhone
		{E6AC6B66-FCD8-4837-817D-0474D6603B86}.Release|Any CPU.ActiveCfg = Release|iPhone
		{E6AC6B66-FCD8-4837-817D-0474D6603B86}.Release|Any CPU.Build.0 = Release|iPhone
		{E6AC6B66-FCD8-4837-817D-0474D6603B86}.Release|Any CPU.Deploy.0 = Release|iPhone
		{E6AC6B66-FCD8-4837-817D-0474D6603B86}.Release|ARM.ActiveCfg = Release|iPhone
		{E6AC6B66-FCD8-4837-817D-0474D6603B86}.Release|ARM.Build.0 = Release|iPhone
		{E6AC6B66-FCD8-4837-817D-0474D6603B86}.Release|ARM.Deploy.0 = Release|iPhone
		{E6AC6B66-FCD8-4837-817D-0474D6603B86}.Release|iPhone.ActiveCfg = Release|iPhone
		{E6AC6B66-FCD8-4837-817D-0474D6603B86}.Release|iPhone.Build.0 = Release|iPhone
		{E6AC6B66-FCD8-4837-817D-0474D6603B86}.Release|iPhone.Deploy.0 = Release|iPhone
		{E6AC6B66-FCD8-4837-817D-0474D6603B86}.Release|iPhoneSimulator.ActiveCfg = Release|iPhoneSimulator
		{E6AC6B66-FCD8-4837-817D-0474D6603B86}.Release|iPhoneSimulator.Build.0 = Release|iPhoneSimulator
		{E6AC6B66-FCD8-4837-817D-0474D6603B86}.Release|iPhoneSimulator.Deploy.0 = Release|iPhoneSimulator
		{E6AC6B66-FCD8-4837-817D-0474D6603B86}.Release|x64.ActiveCfg = Release|iPhone
		{E6AC6B66-FCD8-4837-817D-0474D6603B86}.Release|x64.Build.0 = Release|iPhone
		{E6AC6B66-FCD8-4837-817D-0474D6603B86}.Release|x64.Deploy.0 = Release|iPhone
		{E6AC6B66-FCD8-4837-817D-0474D6603B86}.Release|x86.ActiveCfg = Release|iPhone
		{E6AC6B66-FCD8-4837-817D-0474D6603B86}.Release|x86.Build.0 = Release|iPhone
		{E6AC6B66-FCD8-4837-817D-0474D6603B86}.Release|x86.Deploy.0 = Release|iPhone
		{AAC98871-32AA-4DE6-8D1A-6361C4119A20}.Ad-Hoc|Any CPU.ActiveCfg = Release|x86
		{AAC98871-32AA-4DE6-8D1A-6361C4119A20}.Ad-Hoc|Any CPU.Build.0 = Release|x86
		{AAC98871-32AA-4DE6-8D1A-6361C4119A20}.Ad-Hoc|Any CPU.Deploy.0 = Release|x86
		{AAC98871-32AA-4DE6-8D1A-6361C4119A20}.Ad-Hoc|ARM.ActiveCfg = Release|ARM
		{AAC98871-32AA-4DE6-8D1A-6361C4119A20}.Ad-Hoc|ARM.Build.0 = Release|ARM
		{AAC98871-32AA-4DE6-8D1A-6361C4119A20}.Ad-Hoc|ARM.Deploy.0 = Release|ARM
		{AAC98871-32AA-4DE6-8D1A-6361C4119A20}.Ad-Hoc|iPhone.ActiveCfg = Release|x86
		{AAC98871-32AA-4DE6-8D1A-6361C4119A20}.Ad-Hoc|iPhone.Build.0 = Release|x86
		{AAC98871-32AA-4DE6-8D1A-6361C4119A20}.Ad-Hoc|iPhone.Deploy.0 = Release|x86
		{AAC98871-32AA-4DE6-8D1A-6361C4119A20}.Ad-Hoc|iPhoneSimulator.ActiveCfg = Release|x86
		{AAC98871-32AA-4DE6-8D1A-6361C4119A20}.Ad-Hoc|iPhoneSimulator.Build.0 = Release|x86
		{AAC98871-32AA-4DE6-8D1A-6361C4119A20}.Ad-Hoc|iPhoneSimulator.Deploy.0 = Release|x86
		{AAC98871-32AA-4DE6-8D1A-6361C4119A20}.Ad-Hoc|x64.ActiveCfg = Release|x64
		{AAC98871-32AA-4DE6-8D1A-6361C4119A20}.Ad-Hoc|x64.Build.0 = Release|x64
		{AAC98871-32AA-4DE6-8D1A-6361C4119A20}.Ad-Hoc|x64.Deploy.0 = Release|x64
		{AAC98871-32AA-4DE6-8D1A-6361C4119A20}.Ad-Hoc|x86.ActiveCfg = Release|x86
		{AAC98871-32AA-4DE6-8D1A-6361C4119A20}.Ad-Hoc|x86.Build.0 = Release|x86
		{AAC98871-32AA-4DE6-8D1A-6361C4119A20}.Ad-Hoc|x86.Deploy.0 = Release|x86
		{AAC98871-32AA-4DE6-8D1A-6361C4119A20}.AppStore|Any CPU.ActiveCfg = Release|x86
		{AAC98871-32AA-4DE6-8D1A-6361C4119A20}.AppStore|Any CPU.Build.0 = Release|x86
		{AAC98871-32AA-4DE6-8D1A-6361C4119A20}.AppStore|Any CPU.Deploy.0 = Release|x86
		{AAC98871-32AA-4DE6-8D1A-6361C4119A20}.AppStore|ARM.ActiveCfg = Release|ARM
		{AAC98871-32AA-4DE6-8D1A-6361C4119A20}.AppStore|ARM.Build.0 = Release|ARM
		{AAC98871-32AA-4DE6-8D1A-6361C4119A20}.AppStore|ARM.Deploy.0 = Release|ARM
		{AAC98871-32AA-4DE6-8D1A-6361C4119A20}.AppStore|iPhone.ActiveCfg = Release|x86
		{AAC98871-32AA-4DE6-8D1A-6361C4119A20}.AppStore|iPhone.Build.0 = Release|x86
		{AAC98871-32AA-4DE6-8D1A-6361C4119A20}.AppStore|iPhone.Deploy.0 = Release|x86
		{AAC98871-32AA-4DE6-8D1A-6361C4119A20}.AppStore|iPhoneSimulator.ActiveCfg = Release|x86
		{AAC98871-32AA-4DE6-8D1A-6361C4119A20}.AppStore|iPhoneSimulator.Build.0 = Release|x86
		{AAC98871-32AA-4DE6-8D1A-6361C4119A20}.AppStore|iPhoneSimulator.Deploy.0 = Release|x86
		{AAC98871-32AA-4DE6-8D1A-6361C4119A20}.AppStore|x64.ActiveCfg = Release|x64
		{AAC98871-32AA-4DE6-8D1A-6361C4119A20}.AppStore|x64.Build.0 = Release|x64
		{AAC98871-32AA-4DE6-8D1A-6361C4119A20}.AppStore|x64.Deploy.0 = Release|x64
		{AAC98871-32AA-4DE6-8D1A-6361C4119A20}.AppStore|x86.ActiveCfg = Release|x86
		{AAC98871-32AA-4DE6-8D1A-6361C4119A20}.AppStore|x86.Build.0 = Release|x86
		{AAC98871-32AA-4DE6-8D1A-6361C4119A20}.AppStore|x86.Deploy.0 = Release|x86
		{AAC98871-32AA-4DE6-8D1A-6361C4119A20}.Debug|Any CPU.ActiveCfg = Debug|x86
		{AAC98871-32AA-4DE6-8D1A-6361C4119A20}.Debug|Any CPU.Build.0 = Debug|x86
		{AAC98871-32AA-4DE6-8D1A-6361C4119A20}.Debug|Any CPU.Deploy.0 = Debug|x86
		{AAC98871-32AA-4DE6-8D1A-6361C4119A20}.Debug|ARM.ActiveCfg = Debug|ARM
		{AAC98871-32AA-4DE6-8D1A-6361C4119A20}.Debug|ARM.Build.0 = Debug|ARM
		{AAC98871-32AA-4DE6-8D1A-6361C4119A20}.Debug|ARM.Deploy.0 = Debug|ARM
		{AAC98871-32AA-4DE6-8D1A-6361C4119A20}.Debug|iPhone.ActiveCfg = Debug|x86
		{AAC98871-32AA-4DE6-8D1A-6361C4119A20}.Debug|iPhone.Build.0 = Debug|x86
		{AAC98871-32AA-4DE6-8D1A-6361C4119A20}.Debug|iPhone.Deploy.0 = Debug|x86
		{AAC98871-32AA-4DE6-8D1A-6361C4119A20}.Debug|iPhoneSimulator.ActiveCfg = Debug|x86
		{AAC98871-32AA-4DE6-8D1A-6361C4119A20}.Debug|iPhoneSimulator.Build.0 = Debug|x86
		{AAC98871-32AA-4DE6-8D1A-6361C4119A20}.Debug|iPhoneSimulator.Deploy.0 = Debug|x86
		{AAC98871-32AA-4DE6-8D1A-6361C4119A20}.Debug|x64.ActiveCfg = Debug|x64
		{AAC98871-32AA-4DE6-8D1A-6361C4119A20}.Debug|x64.Build.0 = Debug|x64
		{AAC98871-32AA-4DE6-8D1A-6361C4119A20}.Debug|x64.Deploy.0 = Debug|x64
		{AAC98871-32AA-4DE6-8D1A-6361C4119A20}.Debug|x86.ActiveCfg = Debug|x86
		{AAC98871-32AA-4DE6-8D1A-6361C4119A20}.Debug|x86.Build.0 = Debug|x86
		{AAC98871-32AA-4DE6-8D1A-6361C4119A20}.Debug|x86.Deploy.0 = Debug|x86
		{AAC98871-32AA-4DE6-8D1A-6361C4119A20}.Release|Any CPU.ActiveCfg = Release|x86
		{AAC98871-32AA-4DE6-8D1A-6361C4119A20}.Release|Any CPU.Build.0 = Release|x86
		{AAC98871-32AA-4DE6-8D1A-6361C4119A20}.Release|Any CPU.Deploy.0 = Release|x86
		{AAC98871-32AA-4DE6-8D1A-6361C4119A20}.Release|ARM.ActiveCfg = Release|ARM
		{AAC98871-32AA-4DE6-8D1A-6361C4119A20}.Release|ARM.Build.0 = Release|ARM
		{AAC98871-32AA-4DE6-8D1A-6361C4119A20}.Release|ARM.Deploy.0 = Release|ARM
		{AAC98871-32AA-4DE6-8D1A-6361C4119A20}.Release|iPhone.ActiveCfg = Release|x86
		{AAC98871-32AA-4DE6-8D1A-6361C4119A20}.Release|iPhone.Build.0 = Release|x86
		{AAC98871-32AA-4DE6-8D1A-6361C4119A20}.Release|iPhone.Deploy.0 = Release|x86
		{AAC98871-32AA-4DE6-8D1A-6361C4119A20}.Release|iPhoneSimulator.ActiveCfg = Release|x86
		{AAC98871-32AA-4DE6-8D1A-6361C4119A20}.Release|iPhoneSimulator.Build.0 = Release|x86
		{AAC98871-32AA-4DE6-8D1A-6361C4119A20}.Release|iPhoneSimulator.Deploy.0 = Release|x86
		{AAC98871-32AA-4DE6-8D1A-6361C4119A20}.Release|x64.ActiveCfg = Release|x64
		{AAC98871-32AA-4DE6-8D1A-6361C4119A20}.Release|x64.Build.0 = Release|x64
		{AAC98871-32AA-4DE6-8D1A-6361C4119A20}.Release|x64.Deploy.0 = Release|x64
		{AAC98871-32AA-4DE6-8D1A-6361C4119A20}.Release|x86.ActiveCfg = Release|x86
		{AAC98871-32AA-4DE6-8D1A-6361C4119A20}.Release|x86.Build.0 = Release|x86
		{AAC98871-32AA-4DE6-8D1A-6361C4119A20}.Release|x86.Deploy.0 = Release|x86
		{B20EC3ED-F9C4-4250-8282-B28697AFDB4D}.Ad-Hoc|Any CPU.ActiveCfg = Debug|Any CPU
		{B20EC3ED-F9C4-4250-8282-B28697AFDB4D}.Ad-Hoc|Any CPU.Build.0 = Debug|Any CPU
		{B20EC3ED-F9C4-4250-8282-B28697AFDB4D}.Ad-Hoc|Any CPU.Deploy.0 = Debug|Any CPU
		{B20EC3ED-F9C4-4250-8282-B28697AFDB4D}.Ad-Hoc|ARM.ActiveCfg = Debug|Any CPU
		{B20EC3ED-F9C4-4250-8282-B28697AFDB4D}.Ad-Hoc|ARM.Build.0 = Debug|Any CPU
		{B20EC3ED-F9C4-4250-8282-B28697AFDB4D}.Ad-Hoc|ARM.Deploy.0 = Debug|Any CPU
		{B20EC3ED-F9C4-4250-8282-B28697AFDB4D}.Ad-Hoc|iPhone.ActiveCfg = Debug|Any CPU
		{B20EC3ED-F9C4-4250-8282-B28697AFDB4D}.Ad-Hoc|iPhone.Build.0 = Debug|Any CPU
		{B20EC3ED-F9C4-4250-8282-B28697AFDB4D}.Ad-Hoc|iPhone.Deploy.0 = Debug|Any CPU
		{B20EC3ED-F9C4-4250-8282-B28697AFDB4D}.Ad-Hoc|iPhoneSimulator.ActiveCfg = Debug|Any CPU
		{B20EC3ED-F9C4-4250-8282-B28697AFDB4D}.Ad-Hoc|iPhoneSimulator.Build.0 = Debug|Any CPU
		{B20EC3ED-F9C4-4250-8282-B28697AFDB4D}.Ad-Hoc|iPhoneSimulator.Deploy.0 = Debug|Any CPU
		{B20EC3ED-F9C4-4250-8282-B28697AFDB4D}.Ad-Hoc|x64.ActiveCfg = Debug|Any CPU
		{B20EC3ED-F9C4-4250-8282-B28697AFDB4D}.Ad-Hoc|x64.Build.0 = Debug|Any CPU
		{B20EC3ED-F9C4-4250-8282-B28697AFDB4D}.Ad-Hoc|x64.Deploy.0 = Debug|Any CPU
		{B20EC3ED-F9C4-4250-8282-B28697AFDB4D}.Ad-Hoc|x86.ActiveCfg = Debug|Any CPU
		{B20EC3ED-F9C4-4250-8282-B28697AFDB4D}.Ad-Hoc|x86.Build.0 = Debug|Any CPU
		{B20EC3ED-F9C4-4250-8282-B28697AFDB4D}.Ad-Hoc|x86.Deploy.0 = Debug|Any CPU
		{B20EC3ED-F9C4-4250-8282-B28697AFDB4D}.AppStore|Any CPU.ActiveCfg = Debug|Any CPU
		{B20EC3ED-F9C4-4250-8282-B28697AFDB4D}.AppStore|Any CPU.Build.0 = Debug|Any CPU
		{B20EC3ED-F9C4-4250-8282-B28697AFDB4D}.AppStore|Any CPU.Deploy.0 = Debug|Any CPU
		{B20EC3ED-F9C4-4250-8282-B28697AFDB4D}.AppStore|ARM.ActiveCfg = Debug|Any CPU
		{B20EC3ED-F9C4-4250-8282-B28697AFDB4D}.AppStore|ARM.Build.0 = Debug|Any CPU
		{B20EC3ED-F9C4-4250-8282-B28697AFDB4D}.AppStore|ARM.Deploy.0 = Debug|Any CPU
		{B20EC3ED-F9C4-4250-8282-B28697AFDB4D}.AppStore|iPhone.ActiveCfg = Debug|Any CPU
		{B20EC3ED-F9C4-4250-8282-B28697AFDB4D}.AppStore|iPhone.Build.0 = Debug|Any CPU
		{B20EC3ED-F9C4-4250-8282-B28697AFDB4D}.AppStore|iPhone.Deploy.0 = Debug|Any CPU
		{B20EC3ED-F9C4-4250-8282-B28697AFDB4D}.AppStore|iPhoneSimulator.ActiveCfg = Debug|Any CPU
		{B20EC3ED-F9C4-4250-8282-B28697AFDB4D}.AppStore|iPhoneSimulator.Build.0 = Debug|Any CPU
		{B20EC3ED-F9C4-4250-8282-B28697AFDB4D}.AppStore|iPhoneSimulator.Deploy.0 = Debug|Any CPU
		{B20EC3ED-F9C4-4250-8282-B28697AFDB4D}.AppStore|x64.ActiveCfg = Debug|Any CPU
		{B20EC3ED-F9C4-4250-8282-B28697AFDB4D}.AppStore|x64.Build.0 = Debug|Any CPU
		{B20EC3ED-F9C4-4250-8282-B28697AFDB4D}.AppStore|x64.Deploy.0 = Debug|Any CPU
		{B20EC3ED-F9C4-4250-8282-B28697AFDB4D}.AppStore|x86.ActiveCfg = Debug|Any CPU
		{B20EC3ED-F9C4-4250-8282-B28697AFDB4D}.AppStore|x86.Build.0 = Debug|Any CPU
		{B20EC3ED-F9C4-4250-8282-B28697AFDB4D}.AppStore|x86.Deploy.0 = Debug|Any CPU
		{B20EC3ED-F9C4-4250-8282-B28697AFDB4D}.Debug|Any CPU.ActiveCfg = Debug|Any CPU
		{B20EC3ED-F9C4-4250-8282-B28697AFDB4D}.Debug|Any CPU.Build.0 = Debug|Any CPU
		{B20EC3ED-F9C4-4250-8282-B28697AFDB4D}.Debug|Any CPU.Deploy.0 = Debug|Any CPU
		{B20EC3ED-F9C4-4250-8282-B28697AFDB4D}.Debug|ARM.ActiveCfg = Debug|Any CPU
		{B20EC3ED-F9C4-4250-8282-B28697AFDB4D}.Debug|ARM.Build.0 = Debug|Any CPU
		{B20EC3ED-F9C4-4250-8282-B28697AFDB4D}.Debug|ARM.Deploy.0 = Debug|Any CPU
		{B20EC3ED-F9C4-4250-8282-B28697AFDB4D}.Debug|iPhone.ActiveCfg = Debug|Any CPU
		{B20EC3ED-F9C4-4250-8282-B28697AFDB4D}.Debug|iPhone.Build.0 = Debug|Any CPU
		{B20EC3ED-F9C4-4250-8282-B28697AFDB4D}.Debug|iPhone.Deploy.0 = Debug|Any CPU
		{B20EC3ED-F9C4-4250-8282-B28697AFDB4D}.Debug|iPhoneSimulator.ActiveCfg = Debug|Any CPU
		{B20EC3ED-F9C4-4250-8282-B28697AFDB4D}.Debug|iPhoneSimulator.Build.0 = Debug|Any CPU
		{B20EC3ED-F9C4-4250-8282-B28697AFDB4D}.Debug|iPhoneSimulator.Deploy.0 = Debug|Any CPU
		{B20EC3ED-F9C4-4250-8282-B28697AFDB4D}.Debug|x64.ActiveCfg = Debug|Any CPU
		{B20EC3ED-F9C4-4250-8282-B28697AFDB4D}.Debug|x64.Build.0 = Debug|Any CPU
		{B20EC3ED-F9C4-4250-8282-B28697AFDB4D}.Debug|x64.Deploy.0 = Debug|Any CPU
		{B20EC3ED-F9C4-4250-8282-B28697AFDB4D}.Debug|x86.ActiveCfg = Debug|Any CPU
		{B20EC3ED-F9C4-4250-8282-B28697AFDB4D}.Debug|x86.Build.0 = Debug|Any CPU
		{B20EC3ED-F9C4-4250-8282-B28697AFDB4D}.Debug|x86.Deploy.0 = Debug|Any CPU
		{B20EC3ED-F9C4-4250-8282-B28697AFDB4D}.Release|Any CPU.ActiveCfg = Release|Any CPU
		{B20EC3ED-F9C4-4250-8282-B28697AFDB4D}.Release|Any CPU.Build.0 = Release|Any CPU
		{B20EC3ED-F9C4-4250-8282-B28697AFDB4D}.Release|Any CPU.Deploy.0 = Release|Any CPU
		{B20EC3ED-F9C4-4250-8282-B28697AFDB4D}.Release|ARM.ActiveCfg = Release|Any CPU
		{B20EC3ED-F9C4-4250-8282-B28697AFDB4D}.Release|ARM.Build.0 = Release|Any CPU
		{B20EC3ED-F9C4-4250-8282-B28697AFDB4D}.Release|ARM.Deploy.0 = Release|Any CPU
		{B20EC3ED-F9C4-4250-8282-B28697AFDB4D}.Release|iPhone.ActiveCfg = Release|Any CPU
		{B20EC3ED-F9C4-4250-8282-B28697AFDB4D}.Release|iPhone.Build.0 = Release|Any CPU
		{B20EC3ED-F9C4-4250-8282-B28697AFDB4D}.Release|iPhone.Deploy.0 = Release|Any CPU
		{B20EC3ED-F9C4-4250-8282-B28697AFDB4D}.Release|iPhoneSimulator.ActiveCfg = Release|Any CPU
		{B20EC3ED-F9C4-4250-8282-B28697AFDB4D}.Release|iPhoneSimulator.Build.0 = Release|Any CPU
		{B20EC3ED-F9C4-4250-8282-B28697AFDB4D}.Release|iPhoneSimulator.Deploy.0 = Release|Any CPU
		{B20EC3ED-F9C4-4250-8282-B28697AFDB4D}.Release|x64.ActiveCfg = Release|Any CPU
		{B20EC3ED-F9C4-4250-8282-B28697AFDB4D}.Release|x64.Build.0 = Release|Any CPU
		{B20EC3ED-F9C4-4250-8282-B28697AFDB4D}.Release|x64.Deploy.0 = Release|Any CPU
		{B20EC3ED-F9C4-4250-8282-B28697AFDB4D}.Release|x86.ActiveCfg = Release|Any CPU
		{B20EC3ED-F9C4-4250-8282-B28697AFDB4D}.Release|x86.Build.0 = Release|Any CPU
		{B20EC3ED-F9C4-4250-8282-B28697AFDB4D}.Release|x86.Deploy.0 = Release|Any CPU
	EndGlobalSection
	GlobalSection(SolutionProperties) = preSolution
		HideSolutionNode = FALSE
	EndGlobalSection
	GlobalSection(ExtensibilityGlobals) = postSolution
		SolutionGuid = {3B6060D0-34E0-477A-BA59-D7B1EBF188DC}
	EndGlobalSection
EndGlobal
